// !$*UTF8*$!
{
	archiveVersion = 1;
	classes = {
	};
	objectVersion = 50;
	objects = {

/* Begin PBXBuildFile section */
		2604449021F2B78B00F92CEA /* TestMultiThread.swift in Sources */ = {isa = PBXBuildFile; fileRef = 2604448F21F2B78B00F92CEA /* TestMultiThread.swift */; };
		2604449221F2BEA900F92CEA /* TestCookie.swift in Sources */ = {isa = PBXBuildFile; fileRef = 2604449121F2BEA900F92CEA /* TestCookie.swift */; };
		260DA1B621DA006B00368EFE /* StringFormat.swift in Sources */ = {isa = PBXBuildFile; fileRef = 260DA1B521DA006B00368EFE /* StringFormat.swift */; };
		260DA1BC21DA08FE00368EFE /* TestNumberHex.swift in Sources */ = {isa = PBXBuildFile; fileRef = 260DA1BB21DA08FE00368EFE /* TestNumberHex.swift */; };
		260DA1C121DA283900368EFE /* TestURLEncodec.swift in Sources */ = {isa = PBXBuildFile; fileRef = 260DA1C021DA283900368EFE /* TestURLEncodec.swift */; };
		260F48D121DE5206006E9CA8 /* AppDelegate.swift in Sources */ = {isa = PBXBuildFile; fileRef = 260F48D021DE5206006E9CA8 /* AppDelegate.swift */; };
		260F48D321DE5206006E9CA8 /* ViewController.swift in Sources */ = {isa = PBXBuildFile; fileRef = 260F48D221DE5206006E9CA8 /* ViewController.swift */; };
		260F48D621DE5206006E9CA8 /* Main.storyboard in Resources */ = {isa = PBXBuildFile; fileRef = 260F48D421DE5206006E9CA8 /* Main.storyboard */; };
		260F48D821DE5208006E9CA8 /* Assets.xcassets in Resources */ = {isa = PBXBuildFile; fileRef = 260F48D721DE5208006E9CA8 /* Assets.xcassets */; };
		260F48DB21DE5208006E9CA8 /* LaunchScreen.storyboard in Resources */ = {isa = PBXBuildFile; fileRef = 260F48D921DE5208006E9CA8 /* LaunchScreen.storyboard */; };
		26201E3621E7988C005E3B16 /* TestWrapped.swift in Sources */ = {isa = PBXBuildFile; fileRef = 26201E3521E7988C005E3B16 /* TestWrapped.swift */; };
		26201E3821E7A082005E3B16 /* TestDataAndTime.swift in Sources */ = {isa = PBXBuildFile; fileRef = 26201E3721E7A082005E3B16 /* TestDataAndTime.swift */; };
		26201E3A21E7AAED005E3B16 /* StringPlay.swift in Sources */ = {isa = PBXBuildFile; fileRef = 26201E3921E7AAED005E3B16 /* StringPlay.swift */; };
		26201E4221EA1A02005E3B16 /* FunctionProgram.swift in Sources */ = {isa = PBXBuildFile; fileRef = 26201E4121EA1A02005E3B16 /* FunctionProgram.swift */; };
		26201E4A21EA1A13005E3B16 /* BinaryTree.swift in Sources */ = {isa = PBXBuildFile; fileRef = 26201E4921EA1A13005E3B16 /* BinaryTree.swift */; };
		26201E4C21EA2420005E3B16 /* Trie.swift in Sources */ = {isa = PBXBuildFile; fileRef = 26201E4B21EA2420005E3B16 /* Trie.swift */; };
		26292E1A21FC9872006C19BE /* MirrorPlay.swift in Sources */ = {isa = PBXBuildFile; fileRef = 26292E1921FC9872006C19BE /* MirrorPlay.swift */; };
		262F4B69221DA04A00625BDA /* ExpressibleByStringInterpolationPlay.swift in Sources */ = {isa = PBXBuildFile; fileRef = 262F4B68221DA04A00625BDA /* ExpressibleByStringInterpolationPlay.swift */; };
		263FE14521D916DB00742320 /* TestUiPasteBoard.swift in Sources */ = {isa = PBXBuildFile; fileRef = 263FE14421D916DB00742320 /* TestUiPasteBoard.swift */; };
		263FE14721D930D300742320 /* URLPlay.swift in Sources */ = {isa = PBXBuildFile; fileRef = 263FE14621D930D300742320 /* URLPlay.swift */; };
		263FE15F21D9484800742320 /* TestProtoclClass.swift in Sources */ = {isa = PBXBuildFile; fileRef = 26AFCF2521C69A580075E93B /* TestProtoclClass.swift */; };
		263FE16021D9484B00742320 /* TestTuple.swift in Sources */ = {isa = PBXBuildFile; fileRef = 26D2AEB821C6853100241F4D /* TestTuple.swift */; };
		264F5F5121B98ACA004EE536 /* AppDelegate.swift in Sources */ = {isa = PBXBuildFile; fileRef = 264F5F5021B98ACA004EE536 /* AppDelegate.swift */; };
		264F5F5321B98ACA004EE536 /* ViewController.swift in Sources */ = {isa = PBXBuildFile; fileRef = 264F5F5221B98ACA004EE536 /* ViewController.swift */; };
		264F5F5621B98ACA004EE536 /* Main.storyboard in Resources */ = {isa = PBXBuildFile; fileRef = 264F5F5421B98ACA004EE536 /* Main.storyboard */; };
		264F5F5821B98ACB004EE536 /* Assets.xcassets in Resources */ = {isa = PBXBuildFile; fileRef = 264F5F5721B98ACB004EE536 /* Assets.xcassets */; };
		264F5F5B21B98ACB004EE536 /* LaunchScreen.storyboard in Resources */ = {isa = PBXBuildFile; fileRef = 264F5F5921B98ACB004EE536 /* LaunchScreen.storyboard */; };
		264F5F6621B98ACB004EE536 /* TestStringExt.swift in Sources */ = {isa = PBXBuildFile; fileRef = 264F5F6521B98ACB004EE536 /* TestStringExt.swift */; };
		26A37DEC21E08684003393E9 /* MemoryLayoutTest.swift in Sources */ = {isa = PBXBuildFile; fileRef = 26A37DEB21E08684003393E9 /* MemoryLayoutTest.swift */; };
		26A37DF121E0A088003393E9 /* LableVC.swift in Sources */ = {isa = PBXBuildFile; fileRef = 26A37DF021E0A088003393E9 /* LableVC.swift */; };
		26A37DF421E0A266003393E9 /* AlignmentSelector.swift in Sources */ = {isa = PBXBuildFile; fileRef = 26A37DF321E0A266003393E9 /* AlignmentSelector.swift */; };
		26A37DF821E39D4A003393E9 /* TestOptional.swift in Sources */ = {isa = PBXBuildFile; fileRef = 26A37DF721E39D4A003393E9 /* TestOptional.swift */; };
		26C6E68221EAE9E700E34232 /* CoreGraph.swift in Sources */ = {isa = PBXBuildFile; fileRef = 26C6E68121EAE9E700E34232 /* CoreGraph.swift */; };
		26C6E68A21EAF75A00E34232 /* AppDelegate.swift in Sources */ = {isa = PBXBuildFile; fileRef = 26C6E68921EAF75A00E34232 /* AppDelegate.swift */; };
		26C6E68C21EAF75A00E34232 /* CoreGraphDemo.swift in Sources */ = {isa = PBXBuildFile; fileRef = 26C6E68B21EAF75A00E34232 /* CoreGraphDemo.swift */; };
		26C6E68F21EAF75A00E34232 /* Main.storyboard in Resources */ = {isa = PBXBuildFile; fileRef = 26C6E68D21EAF75A00E34232 /* Main.storyboard */; };
		26C6E69121EAF75B00E34232 /* Assets.xcassets in Resources */ = {isa = PBXBuildFile; fileRef = 26C6E69021EAF75B00E34232 /* Assets.xcassets */; };
		26C6E69421EAF75B00E34232 /* LaunchScreen.storyboard in Resources */ = {isa = PBXBuildFile; fileRef = 26C6E69221EAF75B00E34232 /* LaunchScreen.storyboard */; };
		26C6E6B621EAF8F300E34232 /* CoreGraphDemoVC.swift in Sources */ = {isa = PBXBuildFile; fileRef = 26C6E6B521EAF8F300E34232 /* CoreGraphDemoVC.swift */; };
		26C6E6BE21EB041B00E34232 /* CoreGraphUITests.swift in Sources */ = {isa = PBXBuildFile; fileRef = 26C6E6BD21EB041B00E34232 /* CoreGraphUITests.swift */; };
		26C6E6C821EB0BB900E34232 /* ParserDemo.swift in Sources */ = {isa = PBXBuildFile; fileRef = 26C6E6C721EB0BB900E34232 /* ParserDemo.swift */; };
		26C6E6CC21EB4BA500E34232 /* CodeablePlay.swift in Sources */ = {isa = PBXBuildFile; fileRef = 26C6E6CB21EB4BA500E34232 /* CodeablePlay.swift */; };
		26DC61BA21ECD598000A5E80 /* TestLocks.swift in Sources */ = {isa = PBXBuildFile; fileRef = 26DC61B921ECD598000A5E80 /* TestLocks.swift */; };
		78DAB02214E8565A94F89115 /* Pods_TestTextView.framework in Frameworks */ = {isa = PBXBuildFile; fileRef = 8EEF1F625CE3BA27A666054B /* Pods_TestTextView.framework */; };
		96721D477F5984298F1F29EE /* Pods_DemoTests.framework in Frameworks */ = {isa = PBXBuildFile; fileRef = 2B8DE6DF2EA9E5789CA4D14D /* Pods_DemoTests.framework */; };
		A9CD7F38B97BBBD14524D9FE /* Pods_CoreGraphFunc.framework in Frameworks */ = {isa = PBXBuildFile; fileRef = E496E841009E55BA1B70D18C /* Pods_CoreGraphFunc.framework */; };
		CE2739AD05BB50D7E2E40DE4 /* Pods_SwiftApiPlay.framework in Frameworks */ = {isa = PBXBuildFile; fileRef = C886D29C6D7AB1C29F407D9B /* Pods_SwiftApiPlay.framework */; };
		EB6A9D36E6A8F1D2CE4682C4 /* Pods_Demo.framework in Frameworks */ = {isa = PBXBuildFile; fileRef = 88615D69F6EF9363141D8338 /* Pods_Demo.framework */; };
/* End PBXBuildFile section */

/* Begin PBXContainerItemProxy section */
		26201E4421EA1A02005E3B16 /* PBXContainerItemProxy */ = {
			isa = PBXContainerItemProxy;
			containerPortal = 264F5F4521B98ACA004EE536 /* Project object */;
			proxyType = 1;
			remoteGlobalIDString = 264F5F4C21B98ACA004EE536;
			remoteInfo = Demo;
		};
		263FE13F21D916B600742320 /* PBXContainerItemProxy */ = {
			isa = PBXContainerItemProxy;
			containerPortal = 264F5F4521B98ACA004EE536 /* Project object */;
			proxyType = 1;
			remoteGlobalIDString = 264F5F4C21B98ACA004EE536;
			remoteInfo = Demo;
		};
		264F5F6221B98ACB004EE536 /* PBXContainerItemProxy */ = {
			isa = PBXContainerItemProxy;
			containerPortal = 264F5F4521B98ACA004EE536 /* Project object */;
			proxyType = 1;
			remoteGlobalIDString = 264F5F4C21B98ACA004EE536;
			remoteInfo = Demo;
		};
		26C6E6C021EB041B00E34232 /* PBXContainerItemProxy */ = {
			isa = PBXContainerItemProxy;
			containerPortal = 264F5F4521B98ACA004EE536 /* Project object */;
			proxyType = 1;
			remoteGlobalIDString = 264F5F4C21B98ACA004EE536;
			remoteInfo = Demo;
		};
		26C6E6C521EB044900E34232 /* PBXContainerItemProxy */ = {
			isa = PBXContainerItemProxy;
			containerPortal = 264F5F4521B98ACA004EE536 /* Project object */;
			proxyType = 1;
			remoteGlobalIDString = 26C6E68621EAF75A00E34232;
			remoteInfo = CoreGraphFunc;
		};
/* End PBXContainerItemProxy section */

/* Begin PBXFileReference section */
		099FCB4A6333D1655E19A68E /* Pods-Demo.debug.xcconfig */ = {isa = PBXFileReference; includeInIndex = 1; lastKnownFileType = text.xcconfig; name = "Pods-Demo.debug.xcconfig"; path = "Pods/Target Support Files/Pods-Demo/Pods-Demo.debug.xcconfig"; sourceTree = "<group>"; };
		14FEE6A10AC76C67D462B71C /* Pods-DemoTests.debug.xcconfig */ = {isa = PBXFileReference; includeInIndex = 1; lastKnownFileType = text.xcconfig; name = "Pods-DemoTests.debug.xcconfig"; path = "Pods/Target Support Files/Pods-DemoTests/Pods-DemoTests.debug.xcconfig"; sourceTree = "<group>"; };
		1DE8B1D0D325E4820DEA0A79 /* Pods-CoreGraphFunc.debug.xcconfig */ = {isa = PBXFileReference; includeInIndex = 1; lastKnownFileType = text.xcconfig; name = "Pods-CoreGraphFunc.debug.xcconfig"; path = "Pods/Target Support Files/Pods-CoreGraphFunc/Pods-CoreGraphFunc.debug.xcconfig"; sourceTree = "<group>"; };
		2604448F21F2B78B00F92CEA /* TestMultiThread.swift */ = {isa = PBXFileReference; lastKnownFileType = sourcecode.swift; path = TestMultiThread.swift; sourceTree = "<group>"; };
		2604449121F2BEA900F92CEA /* TestCookie.swift */ = {isa = PBXFileReference; lastKnownFileType = sourcecode.swift; path = TestCookie.swift; sourceTree = "<group>"; };
		260DA1B521DA006B00368EFE /* StringFormat.swift */ = {isa = PBXFileReference; lastKnownFileType = sourcecode.swift; name = StringFormat.swift; path = SwiftApiPlay/StringFormat.swift; sourceTree = SOURCE_ROOT; };
		260DA1BB21DA08FE00368EFE /* TestNumberHex.swift */ = {isa = PBXFileReference; lastKnownFileType = sourcecode.swift; path = TestNumberHex.swift; sourceTree = "<group>"; };
		260DA1C021DA283900368EFE /* TestURLEncodec.swift */ = {isa = PBXFileReference; lastKnownFileType = sourcecode.swift; path = TestURLEncodec.swift; sourceTree = "<group>"; };
		260F48CE21DE5206006E9CA8 /* TestTextView.app */ = {isa = PBXFileReference; explicitFileType = wrapper.application; includeInIndex = 0; path = TestTextView.app; sourceTree = BUILT_PRODUCTS_DIR; };
		260F48D021DE5206006E9CA8 /* AppDelegate.swift */ = {isa = PBXFileReference; lastKnownFileType = sourcecode.swift; path = AppDelegate.swift; sourceTree = "<group>"; };
		260F48D221DE5206006E9CA8 /* ViewController.swift */ = {isa = PBXFileReference; lastKnownFileType = sourcecode.swift; path = ViewController.swift; sourceTree = "<group>"; };
		260F48D521DE5206006E9CA8 /* Base */ = {isa = PBXFileReference; lastKnownFileType = file.storyboard; name = Base; path = Base.lproj/Main.storyboard; sourceTree = "<group>"; };
		260F48D721DE5208006E9CA8 /* Assets.xcassets */ = {isa = PBXFileReference; lastKnownFileType = folder.assetcatalog; path = Assets.xcassets; sourceTree = "<group>"; };
		260F48DA21DE5208006E9CA8 /* Base */ = {isa = PBXFileReference; lastKnownFileType = file.storyboard; name = Base; path = Base.lproj/LaunchScreen.storyboard; sourceTree = "<group>"; };
		260F48DC21DE5208006E9CA8 /* Info.plist */ = {isa = PBXFileReference; lastKnownFileType = text.plist.xml; path = Info.plist; sourceTree = "<group>"; };
		26201E3521E7988C005E3B16 /* TestWrapped.swift */ = {isa = PBXFileReference; lastKnownFileType = sourcecode.swift; path = TestWrapped.swift; sourceTree = "<group>"; };
		26201E3721E7A082005E3B16 /* TestDataAndTime.swift */ = {isa = PBXFileReference; lastKnownFileType = sourcecode.swift; path = TestDataAndTime.swift; sourceTree = "<group>"; };
		26201E3921E7AAED005E3B16 /* StringPlay.swift */ = {isa = PBXFileReference; lastKnownFileType = sourcecode.swift; path = StringPlay.swift; sourceTree = "<group>"; };
		26201E3F21EA1A02005E3B16 /* FunctionProgram.xctest */ = {isa = PBXFileReference; explicitFileType = wrapper.cfbundle; includeInIndex = 0; path = FunctionProgram.xctest; sourceTree = BUILT_PRODUCTS_DIR; };
		26201E4121EA1A02005E3B16 /* FunctionProgram.swift */ = {isa = PBXFileReference; lastKnownFileType = sourcecode.swift; path = FunctionProgram.swift; sourceTree = "<group>"; };
		26201E4321EA1A02005E3B16 /* Info.plist */ = {isa = PBXFileReference; lastKnownFileType = text.plist.xml; path = Info.plist; sourceTree = "<group>"; };
		26201E4921EA1A13005E3B16 /* BinaryTree.swift */ = {isa = PBXFileReference; lastKnownFileType = sourcecode.swift; path = BinaryTree.swift; sourceTree = "<group>"; };
		26201E4B21EA2420005E3B16 /* Trie.swift */ = {isa = PBXFileReference; lastKnownFileType = sourcecode.swift; path = Trie.swift; sourceTree = "<group>"; };
		26292E1921FC9872006C19BE /* MirrorPlay.swift */ = {isa = PBXFileReference; lastKnownFileType = sourcecode.swift; path = MirrorPlay.swift; sourceTree = "<group>"; };
		262F4B68221DA04A00625BDA /* ExpressibleByStringInterpolationPlay.swift */ = {isa = PBXFileReference; lastKnownFileType = sourcecode.swift; path = ExpressibleByStringInterpolationPlay.swift; sourceTree = "<group>"; };
		263FE13A21D916B600742320 /* SwiftApiPlay.xctest */ = {isa = PBXFileReference; explicitFileType = wrapper.cfbundle; includeInIndex = 0; path = SwiftApiPlay.xctest; sourceTree = BUILT_PRODUCTS_DIR; };
		263FE13E21D916B600742320 /* Info.plist */ = {isa = PBXFileReference; lastKnownFileType = text.plist.xml; path = Info.plist; sourceTree = "<group>"; };
		263FE14421D916DB00742320 /* TestUiPasteBoard.swift */ = {isa = PBXFileReference; lastKnownFileType = sourcecode.swift; path = TestUiPasteBoard.swift; sourceTree = "<group>"; };
		263FE14621D930D300742320 /* URLPlay.swift */ = {isa = PBXFileReference; lastKnownFileType = sourcecode.swift; path = URLPlay.swift; sourceTree = "<group>"; };
		264F5F4D21B98ACA004EE536 /* Demo.app */ = {isa = PBXFileReference; explicitFileType = wrapper.application; includeInIndex = 0; path = Demo.app; sourceTree = BUILT_PRODUCTS_DIR; };
		264F5F5021B98ACA004EE536 /* AppDelegate.swift */ = {isa = PBXFileReference; lastKnownFileType = sourcecode.swift; path = AppDelegate.swift; sourceTree = "<group>"; };
		264F5F5221B98ACA004EE536 /* ViewController.swift */ = {isa = PBXFileReference; lastKnownFileType = sourcecode.swift; path = ViewController.swift; sourceTree = "<group>"; };
		264F5F5521B98ACA004EE536 /* Base */ = {isa = PBXFileReference; lastKnownFileType = file.storyboard; name = Base; path = Base.lproj/Main.storyboard; sourceTree = "<group>"; };
		264F5F5721B98ACB004EE536 /* Assets.xcassets */ = {isa = PBXFileReference; lastKnownFileType = folder.assetcatalog; path = Assets.xcassets; sourceTree = "<group>"; };
		264F5F5A21B98ACB004EE536 /* Base */ = {isa = PBXFileReference; lastKnownFileType = file.storyboard; name = Base; path = Base.lproj/LaunchScreen.storyboard; sourceTree = "<group>"; };
		264F5F5C21B98ACB004EE536 /* Info.plist */ = {isa = PBXFileReference; lastKnownFileType = text.plist.xml; path = Info.plist; sourceTree = "<group>"; };
		264F5F6121B98ACB004EE536 /* DemoTests.xctest */ = {isa = PBXFileReference; explicitFileType = wrapper.cfbundle; includeInIndex = 0; path = DemoTests.xctest; sourceTree = BUILT_PRODUCTS_DIR; };
		264F5F6521B98ACB004EE536 /* TestStringExt.swift */ = {isa = PBXFileReference; lastKnownFileType = sourcecode.swift; path = TestStringExt.swift; sourceTree = "<group>"; };
		264F5F6721B98ACB004EE536 /* Info.plist */ = {isa = PBXFileReference; lastKnownFileType = text.plist.xml; path = Info.plist; sourceTree = "<group>"; };
		26A37DEB21E08684003393E9 /* MemoryLayoutTest.swift */ = {isa = PBXFileReference; lastKnownFileType = sourcecode.swift; name = MemoryLayoutTest.swift; path = SwiftApiPlay/MemoryLayoutTest.swift; sourceTree = SOURCE_ROOT; };
		26A37DF021E0A088003393E9 /* LableVC.swift */ = {isa = PBXFileReference; lastKnownFileType = sourcecode.swift; path = LableVC.swift; sourceTree = "<group>"; };
		26A37DF321E0A266003393E9 /* AlignmentSelector.swift */ = {isa = PBXFileReference; lastKnownFileType = sourcecode.swift; path = AlignmentSelector.swift; sourceTree = "<group>"; };
		26A37DF721E39D4A003393E9 /* TestOptional.swift */ = {isa = PBXFileReference; lastKnownFileType = sourcecode.swift; path = TestOptional.swift; sourceTree = "<group>"; };
		26AFCF2521C69A580075E93B /* TestProtoclClass.swift */ = {isa = PBXFileReference; lastKnownFileType = sourcecode.swift; path = TestProtoclClass.swift; sourceTree = "<group>"; };
		26C6E68121EAE9E700E34232 /* CoreGraph.swift */ = {isa = PBXFileReference; lastKnownFileType = sourcecode.swift; path = CoreGraph.swift; sourceTree = "<group>"; };
		26C6E68721EAF75A00E34232 /* CoreGraphFunc.app */ = {isa = PBXFileReference; explicitFileType = wrapper.application; includeInIndex = 0; path = CoreGraphFunc.app; sourceTree = BUILT_PRODUCTS_DIR; };
		26C6E68921EAF75A00E34232 /* AppDelegate.swift */ = {isa = PBXFileReference; lastKnownFileType = sourcecode.swift; path = AppDelegate.swift; sourceTree = "<group>"; };
		26C6E68B21EAF75A00E34232 /* CoreGraphDemo.swift */ = {isa = PBXFileReference; lastKnownFileType = sourcecode.swift; path = CoreGraphDemo.swift; sourceTree = "<group>"; };
		26C6E68E21EAF75A00E34232 /* Base */ = {isa = PBXFileReference; lastKnownFileType = file.storyboard; name = Base; path = Base.lproj/Main.storyboard; sourceTree = "<group>"; };
		26C6E69021EAF75B00E34232 /* Assets.xcassets */ = {isa = PBXFileReference; lastKnownFileType = folder.assetcatalog; path = Assets.xcassets; sourceTree = "<group>"; };
		26C6E69321EAF75B00E34232 /* Base */ = {isa = PBXFileReference; lastKnownFileType = file.storyboard; name = Base; path = Base.lproj/LaunchScreen.storyboard; sourceTree = "<group>"; };
		26C6E69521EAF75B00E34232 /* Info.plist */ = {isa = PBXFileReference; lastKnownFileType = text.plist.xml; path = Info.plist; sourceTree = "<group>"; };
		26C6E6B521EAF8F300E34232 /* CoreGraphDemoVC.swift */ = {isa = PBXFileReference; lastKnownFileType = sourcecode.swift; path = CoreGraphDemoVC.swift; sourceTree = "<group>"; };
		26C6E6BB21EB041B00E34232 /* CoreGraphUITests.xctest */ = {isa = PBXFileReference; explicitFileType = wrapper.cfbundle; includeInIndex = 0; path = CoreGraphUITests.xctest; sourceTree = BUILT_PRODUCTS_DIR; };
		26C6E6BD21EB041B00E34232 /* CoreGraphUITests.swift */ = {isa = PBXFileReference; lastKnownFileType = sourcecode.swift; path = CoreGraphUITests.swift; sourceTree = "<group>"; };
		26C6E6BF21EB041B00E34232 /* Info.plist */ = {isa = PBXFileReference; lastKnownFileType = text.plist.xml; path = Info.plist; sourceTree = "<group>"; };
		26C6E6C721EB0BB900E34232 /* ParserDemo.swift */ = {isa = PBXFileReference; lastKnownFileType = sourcecode.swift; name = ParserDemo.swift; path = FunctionProgram/ParserDemo.swift; sourceTree = SOURCE_ROOT; };
		26C6E6CB21EB4BA500E34232 /* CodeablePlay.swift */ = {isa = PBXFileReference; lastKnownFileType = sourcecode.swift; path = CodeablePlay.swift; sourceTree = "<group>"; };
		26D2AEB821C6853100241F4D /* TestTuple.swift */ = {isa = PBXFileReference; lastKnownFileType = sourcecode.swift; path = TestTuple.swift; sourceTree = "<group>"; };
		26DC61B921ECD598000A5E80 /* TestLocks.swift */ = {isa = PBXFileReference; lastKnownFileType = sourcecode.swift; path = TestLocks.swift; sourceTree = "<group>"; };
		2804293325ABE20BAA7DACF6 /* Pods-TestTextView.debug.xcconfig */ = {isa = PBXFileReference; includeInIndex = 1; lastKnownFileType = text.xcconfig; name = "Pods-TestTextView.debug.xcconfig"; path = "Pods/Target Support Files/Pods-TestTextView/Pods-TestTextView.debug.xcconfig"; sourceTree = "<group>"; };
		2B8DE6DF2EA9E5789CA4D14D /* Pods_DemoTests.framework */ = {isa = PBXFileReference; explicitFileType = wrapper.framework; includeInIndex = 0; path = Pods_DemoTests.framework; sourceTree = BUILT_PRODUCTS_DIR; };
		3559B0BD4FB77A271F1150D3 /* Pods-SwiftApiPlay.release.xcconfig */ = {isa = PBXFileReference; includeInIndex = 1; lastKnownFileType = text.xcconfig; name = "Pods-SwiftApiPlay.release.xcconfig"; path = "Pods/Target Support Files/Pods-SwiftApiPlay/Pods-SwiftApiPlay.release.xcconfig"; sourceTree = "<group>"; };
		4695CF6ABA1C3F70C557237A /* Pods-Demo.release.xcconfig */ = {isa = PBXFileReference; includeInIndex = 1; lastKnownFileType = text.xcconfig; name = "Pods-Demo.release.xcconfig"; path = "Pods/Target Support Files/Pods-Demo/Pods-Demo.release.xcconfig"; sourceTree = "<group>"; };
		53300A1680BCC755547C5960 /* Pods-SwiftApiPlay.debug.xcconfig */ = {isa = PBXFileReference; includeInIndex = 1; lastKnownFileType = text.xcconfig; name = "Pods-SwiftApiPlay.debug.xcconfig"; path = "Pods/Target Support Files/Pods-SwiftApiPlay/Pods-SwiftApiPlay.debug.xcconfig"; sourceTree = "<group>"; };
		6AAD0D8FD9A400E1BA8B3D2A /* Pods-DemoTests.release.xcconfig */ = {isa = PBXFileReference; includeInIndex = 1; lastKnownFileType = text.xcconfig; name = "Pods-DemoTests.release.xcconfig"; path = "Pods/Target Support Files/Pods-DemoTests/Pods-DemoTests.release.xcconfig"; sourceTree = "<group>"; };
		769F69324B7271507470D955 /* Pods-TestTextView.release.xcconfig */ = {isa = PBXFileReference; includeInIndex = 1; lastKnownFileType = text.xcconfig; name = "Pods-TestTextView.release.xcconfig"; path = "Pods/Target Support Files/Pods-TestTextView/Pods-TestTextView.release.xcconfig"; sourceTree = "<group>"; };
		82D8DAFA1CE52E30C6B3F00C /* Pods-CoreGraphFunc.release.xcconfig */ = {isa = PBXFileReference; includeInIndex = 1; lastKnownFileType = text.xcconfig; name = "Pods-CoreGraphFunc.release.xcconfig"; path = "Pods/Target Support Files/Pods-CoreGraphFunc/Pods-CoreGraphFunc.release.xcconfig"; sourceTree = "<group>"; };
		88615D69F6EF9363141D8338 /* Pods_Demo.framework */ = {isa = PBXFileReference; explicitFileType = wrapper.framework; includeInIndex = 0; path = Pods_Demo.framework; sourceTree = BUILT_PRODUCTS_DIR; };
		8EEF1F625CE3BA27A666054B /* Pods_TestTextView.framework */ = {isa = PBXFileReference; explicitFileType = wrapper.framework; includeInIndex = 0; path = Pods_TestTextView.framework; sourceTree = BUILT_PRODUCTS_DIR; };
		AB573401A9806EF11B6D6EE2 /* Pods-DemoUITests.debug.xcconfig */ = {isa = PBXFileReference; includeInIndex = 1; lastKnownFileType = text.xcconfig; name = "Pods-DemoUITests.debug.xcconfig"; path = "Pods/Target Support Files/Pods-DemoUITests/Pods-DemoUITests.debug.xcconfig"; sourceTree = "<group>"; };
		C886D29C6D7AB1C29F407D9B /* Pods_SwiftApiPlay.framework */ = {isa = PBXFileReference; explicitFileType = wrapper.framework; includeInIndex = 0; path = Pods_SwiftApiPlay.framework; sourceTree = BUILT_PRODUCTS_DIR; };
		C8C8A21709592C5FDD994EE1 /* Pods-DemoUITests.release.xcconfig */ = {isa = PBXFileReference; includeInIndex = 1; lastKnownFileType = text.xcconfig; name = "Pods-DemoUITests.release.xcconfig"; path = "Pods/Target Support Files/Pods-DemoUITests/Pods-DemoUITests.release.xcconfig"; sourceTree = "<group>"; };
		D6F1EA1381DB5ED466D4A326 /* Pods_DemoUITests.framework */ = {isa = PBXFileReference; explicitFileType = wrapper.framework; includeInIndex = 0; path = Pods_DemoUITests.framework; sourceTree = BUILT_PRODUCTS_DIR; };
		E496E841009E55BA1B70D18C /* Pods_CoreGraphFunc.framework */ = {isa = PBXFileReference; explicitFileType = wrapper.framework; includeInIndex = 0; path = Pods_CoreGraphFunc.framework; sourceTree = BUILT_PRODUCTS_DIR; };
/* End PBXFileReference section */

/* Begin PBXFrameworksBuildPhase section */
		260F48CB21DE5206006E9CA8 /* Frameworks */ = {
			isa = PBXFrameworksBuildPhase;
			buildActionMask = 2147483647;
			files = (
				78DAB02214E8565A94F89115 /* Pods_TestTextView.framework in Frameworks */,
			);
			runOnlyForDeploymentPostprocessing = 0;
		};
		26201E3C21EA1A02005E3B16 /* Frameworks */ = {
			isa = PBXFrameworksBuildPhase;
			buildActionMask = 2147483647;
			files = (
			);
			runOnlyForDeploymentPostprocessing = 0;
		};
		263FE13721D916B600742320 /* Frameworks */ = {
			isa = PBXFrameworksBuildPhase;
			buildActionMask = 2147483647;
			files = (
				CE2739AD05BB50D7E2E40DE4 /* Pods_SwiftApiPlay.framework in Frameworks */,
			);
			runOnlyForDeploymentPostprocessing = 0;
		};
		264F5F4A21B98ACA004EE536 /* Frameworks */ = {
			isa = PBXFrameworksBuildPhase;
			buildActionMask = 2147483647;
			files = (
				EB6A9D36E6A8F1D2CE4682C4 /* Pods_Demo.framework in Frameworks */,
			);
			runOnlyForDeploymentPostprocessing = 0;
		};
		264F5F5E21B98ACB004EE536 /* Frameworks */ = {
			isa = PBXFrameworksBuildPhase;
			buildActionMask = 2147483647;
			files = (
				96721D477F5984298F1F29EE /* Pods_DemoTests.framework in Frameworks */,
			);
			runOnlyForDeploymentPostprocessing = 0;
		};
		26C6E68421EAF75A00E34232 /* Frameworks */ = {
			isa = PBXFrameworksBuildPhase;
			buildActionMask = 2147483647;
			files = (
				A9CD7F38B97BBBD14524D9FE /* Pods_CoreGraphFunc.framework in Frameworks */,
			);
			runOnlyForDeploymentPostprocessing = 0;
		};
		26C6E6B821EB041B00E34232 /* Frameworks */ = {
			isa = PBXFrameworksBuildPhase;
			buildActionMask = 2147483647;
			files = (
			);
			runOnlyForDeploymentPostprocessing = 0;
		};
/* End PBXFrameworksBuildPhase section */

/* Begin PBXGroup section */
		260F48CF21DE5206006E9CA8 /* TestTextView */ = {
			isa = PBXGroup;
			children = (
				260F48D021DE5206006E9CA8 /* AppDelegate.swift */,
				260F48D221DE5206006E9CA8 /* ViewController.swift */,
				26A37DF221E0A0EF003393E9 /* Label */,
				260F48D421DE5206006E9CA8 /* Main.storyboard */,
				260F48D721DE5208006E9CA8 /* Assets.xcassets */,
				260F48D921DE5208006E9CA8 /* LaunchScreen.storyboard */,
				260F48DC21DE5208006E9CA8 /* Info.plist */,
			);
			path = TestTextView;
			sourceTree = "<group>";
		};
		26201E4021EA1A02005E3B16 /* FunctionProgram */ = {
			isa = PBXGroup;
			children = (
				26201E4B21EA2420005E3B16 /* Trie.swift */,
				26C6E6C721EB0BB900E34232 /* ParserDemo.swift */,
				26201E4921EA1A13005E3B16 /* BinaryTree.swift */,
				26201E4121EA1A02005E3B16 /* FunctionProgram.swift */,
				26201E4321EA1A02005E3B16 /* Info.plist */,
			);
			path = FunctionProgram;
			sourceTree = "<group>";
		};
		263FE13B21D916B600742320 /* SwiftApiPlay */ = {
			isa = PBXGroup;
			children = (
				262F4B68221DA04A00625BDA /* ExpressibleByStringInterpolationPlay.swift */,
				26292E1921FC9872006C19BE /* MirrorPlay.swift */,
				2604449121F2BEA900F92CEA /* TestCookie.swift */,
				26C6E6CB21EB4BA500E34232 /* CodeablePlay.swift */,
				26201E3921E7AAED005E3B16 /* StringPlay.swift */,
				26201E3721E7A082005E3B16 /* TestDataAndTime.swift */,
				26A37DF721E39D4A003393E9 /* TestOptional.swift */,
				263FE14621D930D300742320 /* URLPlay.swift */,
				26A37DEB21E08684003393E9 /* MemoryLayoutTest.swift */,
				260DA1B521DA006B00368EFE /* StringFormat.swift */,
				26D2AEB821C6853100241F4D /* TestTuple.swift */,
				26AFCF2521C69A580075E93B /* TestProtoclClass.swift */,
				263FE14421D916DB00742320 /* TestUiPasteBoard.swift */,
				263FE13E21D916B600742320 /* Info.plist */,
			);
			path = SwiftApiPlay;
			sourceTree = "<group>";
		};
		264F5F4421B98ACA004EE536 = {
			isa = PBXGroup;
			children = (
				264F5F4F21B98ACA004EE536 /* Demo */,
				264F5F6421B98ACB004EE536 /* DemoTests */,
				263FE13B21D916B600742320 /* SwiftApiPlay */,
				260F48CF21DE5206006E9CA8 /* TestTextView */,
				26201E4021EA1A02005E3B16 /* FunctionProgram */,
				26C6E68821EAF75A00E34232 /* CoreGraphFunc */,
				26C6E6BC21EB041B00E34232 /* CoreGraphUITests */,
				264F5F4E21B98ACA004EE536 /* Products */,
				333B6E1684388B883A1EDA35 /* Pods */,
				9B187BA93F312840585C4ECA /* Frameworks */,
			);
			sourceTree = "<group>";
		};
		264F5F4E21B98ACA004EE536 /* Products */ = {
			isa = PBXGroup;
			children = (
				264F5F4D21B98ACA004EE536 /* Demo.app */,
				264F5F6121B98ACB004EE536 /* DemoTests.xctest */,
				263FE13A21D916B600742320 /* SwiftApiPlay.xctest */,
				260F48CE21DE5206006E9CA8 /* TestTextView.app */,
				26201E3F21EA1A02005E3B16 /* FunctionProgram.xctest */,
				26C6E68721EAF75A00E34232 /* CoreGraphFunc.app */,
				26C6E6BB21EB041B00E34232 /* CoreGraphUITests.xctest */,
			);
			name = Products;
			sourceTree = "<group>";
		};
		264F5F4F21B98ACA004EE536 /* Demo */ = {
			isa = PBXGroup;
			children = (
				264F5F5021B98ACA004EE536 /* AppDelegate.swift */,
				264F5F5221B98ACA004EE536 /* ViewController.swift */,
				264F5F5421B98ACA004EE536 /* Main.storyboard */,
				264F5F5721B98ACB004EE536 /* Assets.xcassets */,
				264F5F5921B98ACB004EE536 /* LaunchScreen.storyboard */,
				264F5F5C21B98ACB004EE536 /* Info.plist */,
			);
			path = Demo;
			sourceTree = "<group>";
		};
		264F5F6421B98ACB004EE536 /* DemoTests */ = {
			isa = PBXGroup;
			children = (
				2604448F21F2B78B00F92CEA /* TestMultiThread.swift */,
				26DC61B921ECD598000A5E80 /* TestLocks.swift */,
				26201E3521E7988C005E3B16 /* TestWrapped.swift */,
				260DA1C021DA283900368EFE /* TestURLEncodec.swift */,
				260DA1BB21DA08FE00368EFE /* TestNumberHex.swift */,
				264F5F6521B98ACB004EE536 /* TestStringExt.swift */,
				26C6E68121EAE9E700E34232 /* CoreGraph.swift */,
				264F5F6721B98ACB004EE536 /* Info.plist */,
			);
			path = DemoTests;
			sourceTree = "<group>";
		};
		26A37DF221E0A0EF003393E9 /* Label */ = {
			isa = PBXGroup;
			children = (
				26A37DF021E0A088003393E9 /* LableVC.swift */,
				26A37DF321E0A266003393E9 /* AlignmentSelector.swift */,
			);
			path = Label;
			sourceTree = "<group>";
		};
		26C6E68821EAF75A00E34232 /* CoreGraphFunc */ = {
			isa = PBXGroup;
			children = (
				26C6E68921EAF75A00E34232 /* AppDelegate.swift */,
				26C6E68B21EAF75A00E34232 /* CoreGraphDemo.swift */,
				26C6E6B521EAF8F300E34232 /* CoreGraphDemoVC.swift */,
				26C6E68D21EAF75A00E34232 /* Main.storyboard */,
				26C6E69021EAF75B00E34232 /* Assets.xcassets */,
				26C6E69221EAF75B00E34232 /* LaunchScreen.storyboard */,
				26C6E69521EAF75B00E34232 /* Info.plist */,
			);
			path = CoreGraphFunc;
			sourceTree = "<group>";
		};
		26C6E6BC21EB041B00E34232 /* CoreGraphUITests */ = {
			isa = PBXGroup;
			children = (
				26C6E6BD21EB041B00E34232 /* CoreGraphUITests.swift */,
				26C6E6BF21EB041B00E34232 /* Info.plist */,
			);
			path = CoreGraphUITests;
			sourceTree = "<group>";
		};
		333B6E1684388B883A1EDA35 /* Pods */ = {
			isa = PBXGroup;
			children = (
				099FCB4A6333D1655E19A68E /* Pods-Demo.debug.xcconfig */,
				4695CF6ABA1C3F70C557237A /* Pods-Demo.release.xcconfig */,
				14FEE6A10AC76C67D462B71C /* Pods-DemoTests.debug.xcconfig */,
				6AAD0D8FD9A400E1BA8B3D2A /* Pods-DemoTests.release.xcconfig */,
				AB573401A9806EF11B6D6EE2 /* Pods-DemoUITests.debug.xcconfig */,
				C8C8A21709592C5FDD994EE1 /* Pods-DemoUITests.release.xcconfig */,
				53300A1680BCC755547C5960 /* Pods-SwiftApiPlay.debug.xcconfig */,
				3559B0BD4FB77A271F1150D3 /* Pods-SwiftApiPlay.release.xcconfig */,
				2804293325ABE20BAA7DACF6 /* Pods-TestTextView.debug.xcconfig */,
				769F69324B7271507470D955 /* Pods-TestTextView.release.xcconfig */,
				1DE8B1D0D325E4820DEA0A79 /* Pods-CoreGraphFunc.debug.xcconfig */,
				82D8DAFA1CE52E30C6B3F00C /* Pods-CoreGraphFunc.release.xcconfig */,
			);
			name = Pods;
			sourceTree = "<group>";
		};
		9B187BA93F312840585C4ECA /* Frameworks */ = {
			isa = PBXGroup;
			children = (
				88615D69F6EF9363141D8338 /* Pods_Demo.framework */,
				2B8DE6DF2EA9E5789CA4D14D /* Pods_DemoTests.framework */,
				D6F1EA1381DB5ED466D4A326 /* Pods_DemoUITests.framework */,
				C886D29C6D7AB1C29F407D9B /* Pods_SwiftApiPlay.framework */,
				8EEF1F625CE3BA27A666054B /* Pods_TestTextView.framework */,
				E496E841009E55BA1B70D18C /* Pods_CoreGraphFunc.framework */,
			);
			name = Frameworks;
			sourceTree = "<group>";
		};
/* End PBXGroup section */

/* Begin PBXNativeTarget section */
		260F48CD21DE5206006E9CA8 /* TestTextView */ = {
			isa = PBXNativeTarget;
			buildConfigurationList = 260F48F921DE5208006E9CA8 /* Build configuration list for PBXNativeTarget "TestTextView" */;
			buildPhases = (
				61417E07F91C5191728393BC /* [CP] Check Pods Manifest.lock */,
				260F48CA21DE5206006E9CA8 /* Sources */,
				260F48CB21DE5206006E9CA8 /* Frameworks */,
				260F48CC21DE5206006E9CA8 /* Resources */,
				A1C48EF20B0D8A90F8BF9736 /* [CP] Embed Pods Frameworks */,
			);
			buildRules = (
			);
			dependencies = (
			);
			name = TestTextView;
			productName = TestTextView;
			productReference = 260F48CE21DE5206006E9CA8 /* TestTextView.app */;
			productType = "com.apple.product-type.application";
		};
		26201E3E21EA1A02005E3B16 /* FunctionProgram */ = {
			isa = PBXNativeTarget;
			buildConfigurationList = 26201E4621EA1A02005E3B16 /* Build configuration list for PBXNativeTarget "FunctionProgram" */;
			buildPhases = (
				26201E3B21EA1A02005E3B16 /* Sources */,
				26201E3C21EA1A02005E3B16 /* Frameworks */,
				26201E3D21EA1A02005E3B16 /* Resources */,
			);
			buildRules = (
			);
			dependencies = (
				26201E4521EA1A02005E3B16 /* PBXTargetDependency */,
			);
			name = FunctionProgram;
			productName = FunctionProgram;
			productReference = 26201E3F21EA1A02005E3B16 /* FunctionProgram.xctest */;
			productType = "com.apple.product-type.bundle.unit-test";
		};
		263FE13921D916B600742320 /* SwiftApiPlay */ = {
			isa = PBXNativeTarget;
			buildConfigurationList = 263FE14321D916B600742320 /* Build configuration list for PBXNativeTarget "SwiftApiPlay" */;
			buildPhases = (
				B5BBE0E2CB5226F3647733AB /* [CP] Check Pods Manifest.lock */,
				263FE13621D916B600742320 /* Sources */,
				263FE13721D916B600742320 /* Frameworks */,
				263FE13821D916B600742320 /* Resources */,
				6E1EBA2CDDCB1ACC3FDC0C92 /* [CP] Embed Pods Frameworks */,
			);
			buildRules = (
			);
			dependencies = (
				263FE14021D916B600742320 /* PBXTargetDependency */,
			);
			name = SwiftApiPlay;
			productName = SwiftApiPlay;
			productReference = 263FE13A21D916B600742320 /* SwiftApiPlay.xctest */;
			productType = "com.apple.product-type.bundle.unit-test";
		};
		264F5F4C21B98ACA004EE536 /* Demo */ = {
			isa = PBXNativeTarget;
			buildConfigurationList = 264F5F7521B98ACB004EE536 /* Build configuration list for PBXNativeTarget "Demo" */;
			buildPhases = (
				7CFE43A65AADE5344AE9C74A /* [CP] Check Pods Manifest.lock */,
				264F5F4921B98ACA004EE536 /* Sources */,
				264F5F4A21B98ACA004EE536 /* Frameworks */,
				264F5F4B21B98ACA004EE536 /* Resources */,
				239CE26CF2E25EAF898F308E /* [CP] Embed Pods Frameworks */,
				265F4EB821D9111C0015ACCD /* SwiftLint */,
			);
			buildRules = (
			);
			dependencies = (
			);
			name = Demo;
			productName = Demo;
			productReference = 264F5F4D21B98ACA004EE536 /* Demo.app */;
			productType = "com.apple.product-type.application";
		};
		264F5F6021B98ACB004EE536 /* DemoTests */ = {
			isa = PBXNativeTarget;
			buildConfigurationList = 264F5F7821B98ACB004EE536 /* Build configuration list for PBXNativeTarget "DemoTests" */;
			buildPhases = (
				C656F4D1B156112AC554EC1B /* [CP] Check Pods Manifest.lock */,
				264F5F5D21B98ACB004EE536 /* Sources */,
				264F5F5E21B98ACB004EE536 /* Frameworks */,
				264F5F5F21B98ACB004EE536 /* Resources */,
				265F4EB721D90F400015ACCD /* run SwiftLint */,
				69A176277066E1449DF838AE /* [CP] Embed Pods Frameworks */,
			);
			buildRules = (
			);
			dependencies = (
				264F5F6321B98ACB004EE536 /* PBXTargetDependency */,
			);
			name = DemoTests;
			productName = DemoTests;
			productReference = 264F5F6121B98ACB004EE536 /* DemoTests.xctest */;
			productType = "com.apple.product-type.bundle.unit-test";
		};
		26C6E68621EAF75A00E34232 /* CoreGraphFunc */ = {
			isa = PBXNativeTarget;
			buildConfigurationList = 26C6E6AC21EAF75C00E34232 /* Build configuration list for PBXNativeTarget "CoreGraphFunc" */;
			buildPhases = (
				A19F95341F4D3AD49F8B3B93 /* [CP] Check Pods Manifest.lock */,
				26C6E68321EAF75A00E34232 /* Sources */,
				26C6E68421EAF75A00E34232 /* Frameworks */,
				26C6E68521EAF75A00E34232 /* Resources */,
				8CE27B51DEF0A8F1E44368B1 /* [CP] Embed Pods Frameworks */,
			);
			buildRules = (
			);
			dependencies = (
			);
			name = CoreGraphFunc;
			productName = CoreGraphFunc;
			productReference = 26C6E68721EAF75A00E34232 /* CoreGraphFunc.app */;
			productType = "com.apple.product-type.application";
		};
		26C6E6BA21EB041B00E34232 /* CoreGraphUITests */ = {
			isa = PBXNativeTarget;
			buildConfigurationList = 26C6E6C421EB041B00E34232 /* Build configuration list for PBXNativeTarget "CoreGraphUITests" */;
			buildPhases = (
				26C6E6B721EB041B00E34232 /* Sources */,
				26C6E6B821EB041B00E34232 /* Frameworks */,
				26C6E6B921EB041B00E34232 /* Resources */,
			);
			buildRules = (
			);
			dependencies = (
				26C6E6C121EB041B00E34232 /* PBXTargetDependency */,
				26C6E6C621EB044900E34232 /* PBXTargetDependency */,
			);
			name = CoreGraphUITests;
			productName = CoreGraphUITests;
			productReference = 26C6E6BB21EB041B00E34232 /* CoreGraphUITests.xctest */;
			productType = "com.apple.product-type.bundle.ui-testing";
		};
/* End PBXNativeTarget section */

/* Begin PBXProject section */
		264F5F4521B98ACA004EE536 /* Project object */ = {
			isa = PBXProject;
			attributes = {
				LastSwiftUpdateCheck = 1010;
				LastUpgradeCheck = 1010;
				ORGANIZATIONNAME = huahuahu;
				TargetAttributes = {
					260F48CD21DE5206006E9CA8 = {
						CreatedOnToolsVersion = 10.1;
					};
					26201E3E21EA1A02005E3B16 = {
						CreatedOnToolsVersion = 10.1;
						TestTargetID = 264F5F4C21B98ACA004EE536;
					};
					263FE13921D916B600742320 = {
						CreatedOnToolsVersion = 10.1;
						TestTargetID = 264F5F4C21B98ACA004EE536;
					};
					264F5F4C21B98ACA004EE536 = {
						CreatedOnToolsVersion = 10.1;
					};
					264F5F6021B98ACB004EE536 = {
						CreatedOnToolsVersion = 10.1;
						TestTargetID = 264F5F4C21B98ACA004EE536;
					};
					26C6E68621EAF75A00E34232 = {
						CreatedOnToolsVersion = 10.1;
					};
					26C6E6BA21EB041B00E34232 = {
						CreatedOnToolsVersion = 10.1;
						TestTargetID = 26C6E68621EAF75A00E34232;
					};
				};
			};
			buildConfigurationList = 264F5F4821B98ACA004EE536 /* Build configuration list for PBXProject "Demo" */;
			compatibilityVersion = "Xcode 9.3";
			developmentRegion = en;
			hasScannedForEncodings = 0;
			knownRegions = (
				en,
				Base,
			);
			mainGroup = 264F5F4421B98ACA004EE536;
			productRefGroup = 264F5F4E21B98ACA004EE536 /* Products */;
			projectDirPath = "";
			projectRoot = "";
			targets = (
				264F5F4C21B98ACA004EE536 /* Demo */,
				264F5F6021B98ACB004EE536 /* DemoTests */,
				263FE13921D916B600742320 /* SwiftApiPlay */,
				260F48CD21DE5206006E9CA8 /* TestTextView */,
				26201E3E21EA1A02005E3B16 /* FunctionProgram */,
				26C6E68621EAF75A00E34232 /* CoreGraphFunc */,
				26C6E6BA21EB041B00E34232 /* CoreGraphUITests */,
			);
		};
/* End PBXProject section */

/* Begin PBXResourcesBuildPhase section */
		260F48CC21DE5206006E9CA8 /* Resources */ = {
			isa = PBXResourcesBuildPhase;
			buildActionMask = 2147483647;
			files = (
				260F48DB21DE5208006E9CA8 /* LaunchScreen.storyboard in Resources */,
				260F48D821DE5208006E9CA8 /* Assets.xcassets in Resources */,
				260F48D621DE5206006E9CA8 /* Main.storyboard in Resources */,
			);
			runOnlyForDeploymentPostprocessing = 0;
		};
		26201E3D21EA1A02005E3B16 /* Resources */ = {
			isa = PBXResourcesBuildPhase;
			buildActionMask = 2147483647;
			files = (
			);
			runOnlyForDeploymentPostprocessing = 0;
		};
		263FE13821D916B600742320 /* Resources */ = {
			isa = PBXResourcesBuildPhase;
			buildActionMask = 2147483647;
			files = (
			);
			runOnlyForDeploymentPostprocessing = 0;
		};
		264F5F4B21B98ACA004EE536 /* Resources */ = {
			isa = PBXResourcesBuildPhase;
			buildActionMask = 2147483647;
			files = (
				264F5F5B21B98ACB004EE536 /* LaunchScreen.storyboard in Resources */,
				264F5F5821B98ACB004EE536 /* Assets.xcassets in Resources */,
				264F5F5621B98ACA004EE536 /* Main.storyboard in Resources */,
			);
			runOnlyForDeploymentPostprocessing = 0;
		};
		264F5F5F21B98ACB004EE536 /* Resources */ = {
			isa = PBXResourcesBuildPhase;
			buildActionMask = 2147483647;
			files = (
			);
			runOnlyForDeploymentPostprocessing = 0;
		};
		26C6E68521EAF75A00E34232 /* Resources */ = {
			isa = PBXResourcesBuildPhase;
			buildActionMask = 2147483647;
			files = (
				26C6E69421EAF75B00E34232 /* LaunchScreen.storyboard in Resources */,
				26C6E69121EAF75B00E34232 /* Assets.xcassets in Resources */,
				26C6E68F21EAF75A00E34232 /* Main.storyboard in Resources */,
			);
			runOnlyForDeploymentPostprocessing = 0;
		};
		26C6E6B921EB041B00E34232 /* Resources */ = {
			isa = PBXResourcesBuildPhase;
			buildActionMask = 2147483647;
			files = (
			);
			runOnlyForDeploymentPostprocessing = 0;
		};
/* End PBXResourcesBuildPhase section */

/* Begin PBXShellScriptBuildPhase section */
		239CE26CF2E25EAF898F308E /* [CP] Embed Pods Frameworks */ = {
			isa = PBXShellScriptBuildPhase;
			buildActionMask = 2147483647;
			files = (
			);
			inputPaths = (
				"${PODS_ROOT}/Target Support Files/Pods-Demo/Pods-Demo-frameworks.sh",
				"${BUILT_PRODUCTS_DIR}/HHHKit/HHHKit.framework",
			);
			name = "[CP] Embed Pods Frameworks";
			outputPaths = (
				"${TARGET_BUILD_DIR}/${FRAMEWORKS_FOLDER_PATH}/HHHKit.framework",
			);
			runOnlyForDeploymentPostprocessing = 0;
			shellPath = /bin/sh;
			shellScript = "\"${PODS_ROOT}/Target Support Files/Pods-Demo/Pods-Demo-frameworks.sh\"\n";
			showEnvVarsInLog = 0;
		};
		265F4EB721D90F400015ACCD /* run SwiftLint */ = {
			isa = PBXShellScriptBuildPhase;
			buildActionMask = 2147483647;
			files = (
			);
			inputFileListPaths = (
			);
			inputPaths = (
			);
			name = "run SwiftLint";
			outputFileListPaths = (
			);
			outputPaths = (
			);
			runOnlyForDeploymentPostprocessing = 0;
			shellPath = /bin/sh;
			shellScript = "# Type a script or drag a script file from your workspace to inserif which swiftlint >/dev/null; then\nif which swiftlint >/dev/null; then\nswiftlint\nelse\necho \"warning: SwiftLint not installed, download from https://github.com/realm/SwiftLint\"\nfi\n";
		};
		265F4EB821D9111C0015ACCD /* SwiftLint */ = {
			isa = PBXShellScriptBuildPhase;
			buildActionMask = 2147483647;
			files = (
			);
			inputFileListPaths = (
			);
			inputPaths = (
			);
			name = SwiftLint;
			outputFileListPaths = (
			);
			outputPaths = (
			);
			runOnlyForDeploymentPostprocessing = 0;
			shellPath = /bin/sh;
			shellScript = "# Type a script or drag a script file from your workspace to insert its path.\n# Type a script or drag a script file from your workspace to inserif which swiftlint >/dev/null; then\nif which swiftlint >/dev/null; then\nswiftlint\nelse\necho \"warning: SwiftLint not installed, download from https://github.com/realm/SwiftLint\"\nfi\n";
		};
		61417E07F91C5191728393BC /* [CP] Check Pods Manifest.lock */ = {
			isa = PBXShellScriptBuildPhase;
			buildActionMask = 2147483647;
			files = (
			);
			inputFileListPaths = (
			);
			inputPaths = (
				"${PODS_PODFILE_DIR_PATH}/Podfile.lock",
				"${PODS_ROOT}/Manifest.lock",
			);
			name = "[CP] Check Pods Manifest.lock";
			outputFileListPaths = (
			);
			outputPaths = (
				"$(DERIVED_FILE_DIR)/Pods-TestTextView-checkManifestLockResult.txt",
			);
			runOnlyForDeploymentPostprocessing = 0;
			shellPath = /bin/sh;
			shellScript = "diff \"${PODS_PODFILE_DIR_PATH}/Podfile.lock\" \"${PODS_ROOT}/Manifest.lock\" > /dev/null\nif [ $? != 0 ] ; then\n    # print error to STDERR\n    echo \"error: The sandbox is not in sync with the Podfile.lock. Run 'pod install' or update your CocoaPods installation.\" >&2\n    exit 1\nfi\n# This output is used by Xcode 'outputs' to avoid re-running this script phase.\necho \"SUCCESS\" > \"${SCRIPT_OUTPUT_FILE_0}\"\n";
			showEnvVarsInLog = 0;
		};
		69A176277066E1449DF838AE /* [CP] Embed Pods Frameworks */ = {
			isa = PBXShellScriptBuildPhase;
			buildActionMask = 2147483647;
			files = (
			);
			inputFileListPaths = (
			);
			inputPaths = (
				"${PODS_ROOT}/Target Support Files/Pods-DemoTests/Pods-DemoTests-frameworks.sh",
				"${BUILT_PRODUCTS_DIR}/Nimble/Nimble.framework",
				"${BUILT_PRODUCTS_DIR}/Quick/Quick.framework",
			);
			name = "[CP] Embed Pods Frameworks";
			outputFileListPaths = (
			);
			outputPaths = (
				"${TARGET_BUILD_DIR}/${FRAMEWORKS_FOLDER_PATH}/Nimble.framework",
				"${TARGET_BUILD_DIR}/${FRAMEWORKS_FOLDER_PATH}/Quick.framework",
			);
			runOnlyForDeploymentPostprocessing = 0;
			shellPath = /bin/sh;
			shellScript = "\"${PODS_ROOT}/Target Support Files/Pods-DemoTests/Pods-DemoTests-frameworks.sh\"\n";
			showEnvVarsInLog = 0;
		};
		6E1EBA2CDDCB1ACC3FDC0C92 /* [CP] Embed Pods Frameworks */ = {
			isa = PBXShellScriptBuildPhase;
			buildActionMask = 2147483647;
			files = (
			);
			inputFileListPaths = (
			);
			inputPaths = (
				"${PODS_ROOT}/Target Support Files/Pods-SwiftApiPlay/Pods-SwiftApiPlay-frameworks.sh",
				"${BUILT_PRODUCTS_DIR}/Nimble/Nimble.framework",
				"${BUILT_PRODUCTS_DIR}/Quick/Quick.framework",
			);
			name = "[CP] Embed Pods Frameworks";
			outputFileListPaths = (
			);
			outputPaths = (
				"${TARGET_BUILD_DIR}/${FRAMEWORKS_FOLDER_PATH}/Nimble.framework",
				"${TARGET_BUILD_DIR}/${FRAMEWORKS_FOLDER_PATH}/Quick.framework",
			);
			runOnlyForDeploymentPostprocessing = 0;
			shellPath = /bin/sh;
			shellScript = "\"${PODS_ROOT}/Target Support Files/Pods-SwiftApiPlay/Pods-SwiftApiPlay-frameworks.sh\"\n";
			showEnvVarsInLog = 0;
		};
		7CFE43A65AADE5344AE9C74A /* [CP] Check Pods Manifest.lock */ = {
			isa = PBXShellScriptBuildPhase;
			buildActionMask = 2147483647;
			files = (
			);
			inputPaths = (
				"${PODS_PODFILE_DIR_PATH}/Podfile.lock",
				"${PODS_ROOT}/Manifest.lock",
			);
			name = "[CP] Check Pods Manifest.lock";
			outputPaths = (
				"$(DERIVED_FILE_DIR)/Pods-Demo-checkManifestLockResult.txt",
			);
			runOnlyForDeploymentPostprocessing = 0;
			shellPath = /bin/sh;
			shellScript = "diff \"${PODS_PODFILE_DIR_PATH}/Podfile.lock\" \"${PODS_ROOT}/Manifest.lock\" > /dev/null\nif [ $? != 0 ] ; then\n    # print error to STDERR\n    echo \"error: The sandbox is not in sync with the Podfile.lock. Run 'pod install' or update your CocoaPods installation.\" >&2\n    exit 1\nfi\n# This output is used by Xcode 'outputs' to avoid re-running this script phase.\necho \"SUCCESS\" > \"${SCRIPT_OUTPUT_FILE_0}\"\n";
			showEnvVarsInLog = 0;
		};
		8CE27B51DEF0A8F1E44368B1 /* [CP] Embed Pods Frameworks */ = {
			isa = PBXShellScriptBuildPhase;
			buildActionMask = 2147483647;
			files = (
			);
			inputFileListPaths = (
			);
			inputPaths = (
				"${PODS_ROOT}/Target Support Files/Pods-CoreGraphFunc/Pods-CoreGraphFunc-frameworks.sh",
				"${BUILT_PRODUCTS_DIR}/HHHKit/HHHKit.framework",
				"${BUILT_PRODUCTS_DIR}/SnapKit/SnapKit.framework",
			);
			name = "[CP] Embed Pods Frameworks";
			outputFileListPaths = (
			);
			outputPaths = (
				"${TARGET_BUILD_DIR}/${FRAMEWORKS_FOLDER_PATH}/HHHKit.framework",
				"${TARGET_BUILD_DIR}/${FRAMEWORKS_FOLDER_PATH}/SnapKit.framework",
			);
			runOnlyForDeploymentPostprocessing = 0;
			shellPath = /bin/sh;
			shellScript = "\"${PODS_ROOT}/Target Support Files/Pods-CoreGraphFunc/Pods-CoreGraphFunc-frameworks.sh\"\n";
			showEnvVarsInLog = 0;
		};
		A19F95341F4D3AD49F8B3B93 /* [CP] Check Pods Manifest.lock */ = {
			isa = PBXShellScriptBuildPhase;
			buildActionMask = 2147483647;
			files = (
			);
			inputFileListPaths = (
			);
			inputPaths = (
				"${PODS_PODFILE_DIR_PATH}/Podfile.lock",
				"${PODS_ROOT}/Manifest.lock",
			);
			name = "[CP] Check Pods Manifest.lock";
			outputFileListPaths = (
			);
			outputPaths = (
				"$(DERIVED_FILE_DIR)/Pods-CoreGraphFunc-checkManifestLockResult.txt",
			);
			runOnlyForDeploymentPostprocessing = 0;
			shellPath = /bin/sh;
			shellScript = "diff \"${PODS_PODFILE_DIR_PATH}/Podfile.lock\" \"${PODS_ROOT}/Manifest.lock\" > /dev/null\nif [ $? != 0 ] ; then\n    # print error to STDERR\n    echo \"error: The sandbox is not in sync with the Podfile.lock. Run 'pod install' or update your CocoaPods installation.\" >&2\n    exit 1\nfi\n# This output is used by Xcode 'outputs' to avoid re-running this script phase.\necho \"SUCCESS\" > \"${SCRIPT_OUTPUT_FILE_0}\"\n";
			showEnvVarsInLog = 0;
		};
		A1C48EF20B0D8A90F8BF9736 /* [CP] Embed Pods Frameworks */ = {
			isa = PBXShellScriptBuildPhase;
			buildActionMask = 2147483647;
			files = (
			);
			inputFileListPaths = (
			);
			inputPaths = (
				"${PODS_ROOT}/Target Support Files/Pods-TestTextView/Pods-TestTextView-frameworks.sh",
				"${BUILT_PRODUCTS_DIR}/HHHKit/HHHKit.framework",
				"${BUILT_PRODUCTS_DIR}/SnapKit/SnapKit.framework",
			);
			name = "[CP] Embed Pods Frameworks";
			outputFileListPaths = (
			);
			outputPaths = (
				"${TARGET_BUILD_DIR}/${FRAMEWORKS_FOLDER_PATH}/HHHKit.framework",
				"${TARGET_BUILD_DIR}/${FRAMEWORKS_FOLDER_PATH}/SnapKit.framework",
			);
			runOnlyForDeploymentPostprocessing = 0;
			shellPath = /bin/sh;
			shellScript = "\"${PODS_ROOT}/Target Support Files/Pods-TestTextView/Pods-TestTextView-frameworks.sh\"\n";
			showEnvVarsInLog = 0;
		};
		B5BBE0E2CB5226F3647733AB /* [CP] Check Pods Manifest.lock */ = {
			isa = PBXShellScriptBuildPhase;
			buildActionMask = 2147483647;
			files = (
			);
			inputFileListPaths = (
			);
			inputPaths = (
				"${PODS_PODFILE_DIR_PATH}/Podfile.lock",
				"${PODS_ROOT}/Manifest.lock",
			);
			name = "[CP] Check Pods Manifest.lock";
			outputFileListPaths = (
			);
			outputPaths = (
				"$(DERIVED_FILE_DIR)/Pods-SwiftApiPlay-checkManifestLockResult.txt",
			);
			runOnlyForDeploymentPostprocessing = 0;
			shellPath = /bin/sh;
			shellScript = "diff \"${PODS_PODFILE_DIR_PATH}/Podfile.lock\" \"${PODS_ROOT}/Manifest.lock\" > /dev/null\nif [ $? != 0 ] ; then\n    # print error to STDERR\n    echo \"error: The sandbox is not in sync with the Podfile.lock. Run 'pod install' or update your CocoaPods installation.\" >&2\n    exit 1\nfi\n# This output is used by Xcode 'outputs' to avoid re-running this script phase.\necho \"SUCCESS\" > \"${SCRIPT_OUTPUT_FILE_0}\"\n";
			showEnvVarsInLog = 0;
		};
		C656F4D1B156112AC554EC1B /* [CP] Check Pods Manifest.lock */ = {
			isa = PBXShellScriptBuildPhase;
			buildActionMask = 2147483647;
			files = (
			);
			inputPaths = (
				"${PODS_PODFILE_DIR_PATH}/Podfile.lock",
				"${PODS_ROOT}/Manifest.lock",
			);
			name = "[CP] Check Pods Manifest.lock";
			outputPaths = (
				"$(DERIVED_FILE_DIR)/Pods-DemoTests-checkManifestLockResult.txt",
			);
			runOnlyForDeploymentPostprocessing = 0;
			shellPath = /bin/sh;
			shellScript = "diff \"${PODS_PODFILE_DIR_PATH}/Podfile.lock\" \"${PODS_ROOT}/Manifest.lock\" > /dev/null\nif [ $? != 0 ] ; then\n    # print error to STDERR\n    echo \"error: The sandbox is not in sync with the Podfile.lock. Run 'pod install' or update your CocoaPods installation.\" >&2\n    exit 1\nfi\n# This output is used by Xcode 'outputs' to avoid re-running this script phase.\necho \"SUCCESS\" > \"${SCRIPT_OUTPUT_FILE_0}\"\n";
			showEnvVarsInLog = 0;
		};
/* End PBXShellScriptBuildPhase section */

/* Begin PBXSourcesBuildPhase section */
		260F48CA21DE5206006E9CA8 /* Sources */ = {
			isa = PBXSourcesBuildPhase;
			buildActionMask = 2147483647;
			files = (
				260F48D321DE5206006E9CA8 /* ViewController.swift in Sources */,
				26A37DF121E0A088003393E9 /* LableVC.swift in Sources */,
				26A37DF421E0A266003393E9 /* AlignmentSelector.swift in Sources */,
				260F48D121DE5206006E9CA8 /* AppDelegate.swift in Sources */,
			);
			runOnlyForDeploymentPostprocessing = 0;
		};
		26201E3B21EA1A02005E3B16 /* Sources */ = {
			isa = PBXSourcesBuildPhase;
			buildActionMask = 2147483647;
			files = (
				26C6E6C821EB0BB900E34232 /* ParserDemo.swift in Sources */,
				26201E4C21EA2420005E3B16 /* Trie.swift in Sources */,
				26201E4A21EA1A13005E3B16 /* BinaryTree.swift in Sources */,
				26201E4221EA1A02005E3B16 /* FunctionProgram.swift in Sources */,
			);
			runOnlyForDeploymentPostprocessing = 0;
		};
		263FE13621D916B600742320 /* Sources */ = {
			isa = PBXSourcesBuildPhase;
			buildActionMask = 2147483647;
			files = (
				26C6E6CC21EB4BA500E34232 /* CodeablePlay.swift in Sources */,
				26A37DEC21E08684003393E9 /* MemoryLayoutTest.swift in Sources */,
				263FE14521D916DB00742320 /* TestUiPasteBoard.swift in Sources */,
				26201E3A21E7AAED005E3B16 /* StringPlay.swift in Sources */,
				26292E1A21FC9872006C19BE /* MirrorPlay.swift in Sources */,
				260DA1B621DA006B00368EFE /* StringFormat.swift in Sources */,
				263FE14721D930D300742320 /* URLPlay.swift in Sources */,
				262F4B69221DA04A00625BDA /* ExpressibleByStringInterpolationPlay.swift in Sources */,
				26201E3821E7A082005E3B16 /* TestDataAndTime.swift in Sources */,
				2604449221F2BEA900F92CEA /* TestCookie.swift in Sources */,
				263FE15F21D9484800742320 /* TestProtoclClass.swift in Sources */,
				263FE16021D9484B00742320 /* TestTuple.swift in Sources */,
				26A37DF821E39D4A003393E9 /* TestOptional.swift in Sources */,
			);
			runOnlyForDeploymentPostprocessing = 0;
		};
		264F5F4921B98ACA004EE536 /* Sources */ = {
			isa = PBXSourcesBuildPhase;
			buildActionMask = 2147483647;
			files = (
				264F5F5321B98ACA004EE536 /* ViewController.swift in Sources */,
				264F5F5121B98ACA004EE536 /* AppDelegate.swift in Sources */,
			);
			runOnlyForDeploymentPostprocessing = 0;
		};
		264F5F5D21B98ACB004EE536 /* Sources */ = {
			isa = PBXSourcesBuildPhase;
			buildActionMask = 2147483647;
			files = (
				260DA1BC21DA08FE00368EFE /* TestNumberHex.swift in Sources */,
				2604449021F2B78B00F92CEA /* TestMultiThread.swift in Sources */,
				264F5F6621B98ACB004EE536 /* TestStringExt.swift in Sources */,
				260DA1C121DA283900368EFE /* TestURLEncodec.swift in Sources */,
				26201E3621E7988C005E3B16 /* TestWrapped.swift in Sources */,
				26DC61BA21ECD598000A5E80 /* TestLocks.swift in Sources */,
				26C6E68221EAE9E700E34232 /* CoreGraph.swift in Sources */,
			);
			runOnlyForDeploymentPostprocessing = 0;
		};
		26C6E68321EAF75A00E34232 /* Sources */ = {
			isa = PBXSourcesBuildPhase;
			buildActionMask = 2147483647;
			files = (
				26C6E68C21EAF75A00E34232 /* CoreGraphDemo.swift in Sources */,
				26C6E6B621EAF8F300E34232 /* CoreGraphDemoVC.swift in Sources */,
				26C6E68A21EAF75A00E34232 /* AppDelegate.swift in Sources */,
			);
			runOnlyForDeploymentPostprocessing = 0;
		};
		26C6E6B721EB041B00E34232 /* Sources */ = {
			isa = PBXSourcesBuildPhase;
			buildActionMask = 2147483647;
			files = (
				26C6E6BE21EB041B00E34232 /* CoreGraphUITests.swift in Sources */,
			);
			runOnlyForDeploymentPostprocessing = 0;
		};
/* End PBXSourcesBuildPhase section */

/* Begin PBXTargetDependency section */
		26201E4521EA1A02005E3B16 /* PBXTargetDependency */ = {
			isa = PBXTargetDependency;
			target = 264F5F4C21B98ACA004EE536 /* Demo */;
			targetProxy = 26201E4421EA1A02005E3B16 /* PBXContainerItemProxy */;
		};
		263FE14021D916B600742320 /* PBXTargetDependency */ = {
			isa = PBXTargetDependency;
			target = 264F5F4C21B98ACA004EE536 /* Demo */;
			targetProxy = 263FE13F21D916B600742320 /* PBXContainerItemProxy */;
		};
		264F5F6321B98ACB004EE536 /* PBXTargetDependency */ = {
			isa = PBXTargetDependency;
			target = 264F5F4C21B98ACA004EE536 /* Demo */;
			targetProxy = 264F5F6221B98ACB004EE536 /* PBXContainerItemProxy */;
		};
		26C6E6C121EB041B00E34232 /* PBXTargetDependency */ = {
			isa = PBXTargetDependency;
			target = 264F5F4C21B98ACA004EE536 /* Demo */;
			targetProxy = 26C6E6C021EB041B00E34232 /* PBXContainerItemProxy */;
		};
		26C6E6C621EB044900E34232 /* PBXTargetDependency */ = {
			isa = PBXTargetDependency;
			target = 26C6E68621EAF75A00E34232 /* CoreGraphFunc */;
			targetProxy = 26C6E6C521EB044900E34232 /* PBXContainerItemProxy */;
		};
/* End PBXTargetDependency section */

/* Begin PBXVariantGroup section */
		260F48D421DE5206006E9CA8 /* Main.storyboard */ = {
			isa = PBXVariantGroup;
			children = (
				260F48D521DE5206006E9CA8 /* Base */,
			);
			name = Main.storyboard;
			sourceTree = "<group>";
		};
		260F48D921DE5208006E9CA8 /* LaunchScreen.storyboard */ = {
			isa = PBXVariantGroup;
			children = (
				260F48DA21DE5208006E9CA8 /* Base */,
			);
			name = LaunchScreen.storyboard;
			sourceTree = "<group>";
		};
		264F5F5421B98ACA004EE536 /* Main.storyboard */ = {
			isa = PBXVariantGroup;
			children = (
				264F5F5521B98ACA004EE536 /* Base */,
			);
			name = Main.storyboard;
			sourceTree = "<group>";
		};
		264F5F5921B98ACB004EE536 /* LaunchScreen.storyboard */ = {
			isa = PBXVariantGroup;
			children = (
				264F5F5A21B98ACB004EE536 /* Base */,
			);
			name = LaunchScreen.storyboard;
			sourceTree = "<group>";
		};
		26C6E68D21EAF75A00E34232 /* Main.storyboard */ = {
			isa = PBXVariantGroup;
			children = (
				26C6E68E21EAF75A00E34232 /* Base */,
			);
			name = Main.storyboard;
			sourceTree = "<group>";
		};
		26C6E69221EAF75B00E34232 /* LaunchScreen.storyboard */ = {
			isa = PBXVariantGroup;
			children = (
				26C6E69321EAF75B00E34232 /* Base */,
			);
			name = LaunchScreen.storyboard;
			sourceTree = "<group>";
		};
/* End PBXVariantGroup section */

/* Begin XCBuildConfiguration section */
		260F48F321DE5208006E9CA8 /* Debug */ = {
			isa = XCBuildConfiguration;
			baseConfigurationReference = 2804293325ABE20BAA7DACF6 /* Pods-TestTextView.debug.xcconfig */;
			buildSettings = {
				ASSETCATALOG_COMPILER_APPICON_NAME = AppIcon;
				CODE_SIGN_STYLE = Automatic;
				INFOPLIST_FILE = TestTextView/Info.plist;
				LD_RUNPATH_SEARCH_PATHS = (
					"$(inherited)",
					"@executable_path/Frameworks",
				);
				PRODUCT_BUNDLE_IDENTIFIER = com.tiger.shenzhen.TestTextView;
				PRODUCT_NAME = "$(TARGET_NAME)";
				SWIFT_VERSION = 5.0;
				TARGETED_DEVICE_FAMILY = "1,2";
			};
			name = Debug;
		};
		260F48F421DE5208006E9CA8 /* Release */ = {
			isa = XCBuildConfiguration;
			baseConfigurationReference = 769F69324B7271507470D955 /* Pods-TestTextView.release.xcconfig */;
			buildSettings = {
				ASSETCATALOG_COMPILER_APPICON_NAME = AppIcon;
				CODE_SIGN_STYLE = Automatic;
				INFOPLIST_FILE = TestTextView/Info.plist;
				LD_RUNPATH_SEARCH_PATHS = (
					"$(inherited)",
					"@executable_path/Frameworks",
				);
				PRODUCT_BUNDLE_IDENTIFIER = com.tiger.shenzhen.TestTextView;
				PRODUCT_NAME = "$(TARGET_NAME)";
				SWIFT_VERSION = 5.0;
				TARGETED_DEVICE_FAMILY = "1,2";
			};
			name = Release;
		};
		26201E4721EA1A02005E3B16 /* Debug */ = {
			isa = XCBuildConfiguration;
			buildSettings = {
				BUNDLE_LOADER = "$(TEST_HOST)";
				CODE_SIGN_STYLE = Automatic;
				INFOPLIST_FILE = FunctionProgram/Info.plist;
				LD_RUNPATH_SEARCH_PATHS = (
					"$(inherited)",
					"@executable_path/Frameworks",
					"@loader_path/Frameworks",
				);
				PRODUCT_BUNDLE_IDENTIFIER = com.tiger.shenzhen.FunctionProgram;
				PRODUCT_NAME = "$(TARGET_NAME)";
				SWIFT_VERSION = 5.0;
				TARGETED_DEVICE_FAMILY = "1,2";
				TEST_HOST = "$(BUILT_PRODUCTS_DIR)/Demo.app/Demo";
			};
			name = Debug;
		};
		26201E4821EA1A02005E3B16 /* Release */ = {
			isa = XCBuildConfiguration;
			buildSettings = {
				BUNDLE_LOADER = "$(TEST_HOST)";
				CODE_SIGN_STYLE = Automatic;
				INFOPLIST_FILE = FunctionProgram/Info.plist;
				LD_RUNPATH_SEARCH_PATHS = (
					"$(inherited)",
					"@executable_path/Frameworks",
					"@loader_path/Frameworks",
				);
				PRODUCT_BUNDLE_IDENTIFIER = com.tiger.shenzhen.FunctionProgram;
				PRODUCT_NAME = "$(TARGET_NAME)";
				SWIFT_VERSION = 5.0;
				TARGETED_DEVICE_FAMILY = "1,2";
				TEST_HOST = "$(BUILT_PRODUCTS_DIR)/Demo.app/Demo";
			};
			name = Release;
		};
		263FE14121D916B600742320 /* Debug */ = {
			isa = XCBuildConfiguration;
			baseConfigurationReference = 53300A1680BCC755547C5960 /* Pods-SwiftApiPlay.debug.xcconfig */;
			buildSettings = {
				BUNDLE_LOADER = "$(TEST_HOST)";
				CODE_SIGN_STYLE = Automatic;
				INFOPLIST_FILE = SwiftApiPlay/Info.plist;
				LD_RUNPATH_SEARCH_PATHS = (
					"$(inherited)",
					"@executable_path/Frameworks",
					"@loader_path/Frameworks",
				);
				PRODUCT_BUNDLE_IDENTIFIER = com.tiger.shenzhen.SwiftApiPlay;
				PRODUCT_NAME = "$(TARGET_NAME)";
				SWIFT_VERSION = 5.0;
				TARGETED_DEVICE_FAMILY = "1,2";
				TEST_HOST = "$(BUILT_PRODUCTS_DIR)/Demo.app/Demo";
			};
			name = Debug;
		};
		263FE14221D916B600742320 /* Release */ = {
			isa = XCBuildConfiguration;
			baseConfigurationReference = 3559B0BD4FB77A271F1150D3 /* Pods-SwiftApiPlay.release.xcconfig */;
			buildSettings = {
				BUNDLE_LOADER = "$(TEST_HOST)";
				CODE_SIGN_STYLE = Automatic;
				INFOPLIST_FILE = SwiftApiPlay/Info.plist;
				LD_RUNPATH_SEARCH_PATHS = (
					"$(inherited)",
					"@executable_path/Frameworks",
					"@loader_path/Frameworks",
				);
				PRODUCT_BUNDLE_IDENTIFIER = com.tiger.shenzhen.SwiftApiPlay;
				PRODUCT_NAME = "$(TARGET_NAME)";
				SWIFT_VERSION = 5.0;
				TARGETED_DEVICE_FAMILY = "1,2";
				TEST_HOST = "$(BUILT_PRODUCTS_DIR)/Demo.app/Demo";
			};
			name = Release;
		};
		264F5F7321B98ACB004EE536 /* Debug */ = {
			isa = XCBuildConfiguration;
			buildSettings = {
				ALWAYS_SEARCH_USER_PATHS = NO;
				CLANG_ANALYZER_NONNULL = YES;
				CLANG_ANALYZER_NUMBER_OBJECT_CONVERSION = YES_AGGRESSIVE;
				CLANG_CXX_LANGUAGE_STANDARD = "gnu++14";
				CLANG_CXX_LIBRARY = "libc++";
				CLANG_ENABLE_MODULES = YES;
				CLANG_ENABLE_OBJC_ARC = YES;
				CLANG_ENABLE_OBJC_WEAK = YES;
				CLANG_WARN_BLOCK_CAPTURE_AUTORELEASING = YES;
				CLANG_WARN_BOOL_CONVERSION = YES;
				CLANG_WARN_COMMA = YES;
				CLANG_WARN_CONSTANT_CONVERSION = YES;
				CLANG_WARN_DEPRECATED_OBJC_IMPLEMENTATIONS = YES;
				CLANG_WARN_DIRECT_OBJC_ISA_USAGE = YES_ERROR;
				CLANG_WARN_DOCUMENTATION_COMMENTS = YES;
				CLANG_WARN_EMPTY_BODY = YES;
				CLANG_WARN_ENUM_CONVERSION = YES;
				CLANG_WARN_INFINITE_RECURSION = YES;
				CLANG_WARN_INT_CONVERSION = YES;
				CLANG_WARN_NON_LITERAL_NULL_CONVERSION = YES;
				CLANG_WARN_OBJC_IMPLICIT_RETAIN_SELF = YES;
				CLANG_WARN_OBJC_LITERAL_CONVERSION = YES;
				CLANG_WARN_OBJC_ROOT_CLASS = YES_ERROR;
				CLANG_WARN_RANGE_LOOP_ANALYSIS = YES;
				CLANG_WARN_STRICT_PROTOTYPES = YES;
				CLANG_WARN_SUSPICIOUS_MOVE = YES;
				CLANG_WARN_UNGUARDED_AVAILABILITY = YES_AGGRESSIVE;
				CLANG_WARN_UNREACHABLE_CODE = YES;
				CLANG_WARN__DUPLICATE_METHOD_MATCH = YES;
				CODE_SIGN_IDENTITY = "iPhone Developer";
				COPY_PHASE_STRIP = NO;
				DEBUG_INFORMATION_FORMAT = dwarf;
				ENABLE_STRICT_OBJC_MSGSEND = YES;
				ENABLE_TESTABILITY = YES;
				GCC_C_LANGUAGE_STANDARD = gnu11;
				GCC_DYNAMIC_NO_PIC = NO;
				GCC_NO_COMMON_BLOCKS = YES;
				GCC_OPTIMIZATION_LEVEL = 0;
				GCC_PREPROCESSOR_DEFINITIONS = (
					"DEBUG=1",
					"$(inherited)",
				);
				GCC_WARN_64_TO_32_BIT_CONVERSION = YES;
				GCC_WARN_ABOUT_RETURN_TYPE = YES_ERROR;
				GCC_WARN_UNDECLARED_SELECTOR = YES;
				GCC_WARN_UNINITIALIZED_AUTOS = YES_AGGRESSIVE;
				GCC_WARN_UNUSED_FUNCTION = YES;
				GCC_WARN_UNUSED_VARIABLE = YES;
				IPHONEOS_DEPLOYMENT_TARGET = 12.1;
				MTL_ENABLE_DEBUG_INFO = INCLUDE_SOURCE;
				MTL_FAST_MATH = YES;
				ONLY_ACTIVE_ARCH = YES;
				SDKROOT = iphoneos;
				SWIFT_ACTIVE_COMPILATION_CONDITIONS = DEBUG;
				SWIFT_OPTIMIZATION_LEVEL = "-Onone";
			};
			name = Debug;
		};
		264F5F7421B98ACB004EE536 /* Release */ = {
			isa = XCBuildConfiguration;
			buildSettings = {
				ALWAYS_SEARCH_USER_PATHS = NO;
				CLANG_ANALYZER_NONNULL = YES;
				CLANG_ANALYZER_NUMBER_OBJECT_CONVERSION = YES_AGGRESSIVE;
				CLANG_CXX_LANGUAGE_STANDARD = "gnu++14";
				CLANG_CXX_LIBRARY = "libc++";
				CLANG_ENABLE_MODULES = YES;
				CLANG_ENABLE_OBJC_ARC = YES;
				CLANG_ENABLE_OBJC_WEAK = YES;
				CLANG_WARN_BLOCK_CAPTURE_AUTORELEASING = YES;
				CLANG_WARN_BOOL_CONVERSION = YES;
				CLANG_WARN_COMMA = YES;
				CLANG_WARN_CONSTANT_CONVERSION = YES;
				CLANG_WARN_DEPRECATED_OBJC_IMPLEMENTATIONS = YES;
				CLANG_WARN_DIRECT_OBJC_ISA_USAGE = YES_ERROR;
				CLANG_WARN_DOCUMENTATION_COMMENTS = YES;
				CLANG_WARN_EMPTY_BODY = YES;
				CLANG_WARN_ENUM_CONVERSION = YES;
				CLANG_WARN_INFINITE_RECURSION = YES;
				CLANG_WARN_INT_CONVERSION = YES;
				CLANG_WARN_NON_LITERAL_NULL_CONVERSION = YES;
				CLANG_WARN_OBJC_IMPLICIT_RETAIN_SELF = YES;
				CLANG_WARN_OBJC_LITERAL_CONVERSION = YES;
				CLANG_WARN_OBJC_ROOT_CLASS = YES_ERROR;
				CLANG_WARN_RANGE_LOOP_ANALYSIS = YES;
				CLANG_WARN_STRICT_PROTOTYPES = YES;
				CLANG_WARN_SUSPICIOUS_MOVE = YES;
				CLANG_WARN_UNGUARDED_AVAILABILITY = YES_AGGRESSIVE;
				CLANG_WARN_UNREACHABLE_CODE = YES;
				CLANG_WARN__DUPLICATE_METHOD_MATCH = YES;
				CODE_SIGN_IDENTITY = "iPhone Developer";
				COPY_PHASE_STRIP = NO;
				DEBUG_INFORMATION_FORMAT = "dwarf-with-dsym";
				ENABLE_NS_ASSERTIONS = NO;
				ENABLE_STRICT_OBJC_MSGSEND = YES;
				GCC_C_LANGUAGE_STANDARD = gnu11;
				GCC_NO_COMMON_BLOCKS = YES;
				GCC_WARN_64_TO_32_BIT_CONVERSION = YES;
				GCC_WARN_ABOUT_RETURN_TYPE = YES_ERROR;
				GCC_WARN_UNDECLARED_SELECTOR = YES;
				GCC_WARN_UNINITIALIZED_AUTOS = YES_AGGRESSIVE;
				GCC_WARN_UNUSED_FUNCTION = YES;
				GCC_WARN_UNUSED_VARIABLE = YES;
				IPHONEOS_DEPLOYMENT_TARGET = 12.1;
				MTL_ENABLE_DEBUG_INFO = NO;
				MTL_FAST_MATH = YES;
				SDKROOT = iphoneos;
				SWIFT_COMPILATION_MODE = wholemodule;
				SWIFT_OPTIMIZATION_LEVEL = "-O";
				VALIDATE_PRODUCT = YES;
			};
			name = Release;
		};
		264F5F7621B98ACB004EE536 /* Debug */ = {
			isa = XCBuildConfiguration;
			baseConfigurationReference = 099FCB4A6333D1655E19A68E /* Pods-Demo.debug.xcconfig */;
			buildSettings = {
				ASSETCATALOG_COMPILER_APPICON_NAME = AppIcon;
				CODE_SIGN_STYLE = Automatic;
				DEVELOPMENT_TEAM = R6P284TSWY;
				GCC_TREAT_WARNINGS_AS_ERRORS = YES;
				INFOPLIST_FILE = Demo/Info.plist;
				LD_RUNPATH_SEARCH_PATHS = (
					"$(inherited)",
					"@executable_path/Frameworks",
				);
				PRODUCT_BUNDLE_IDENTIFIER = com.tiger.shenzhen.Demo;
				PRODUCT_NAME = "$(TARGET_NAME)";
				SWIFT_VERSION = 5.0;
				TARGETED_DEVICE_FAMILY = "1,2";
			};
			name = Debug;
		};
		264F5F7721B98ACB004EE536 /* Release */ = {
			isa = XCBuildConfiguration;
			baseConfigurationReference = 4695CF6ABA1C3F70C557237A /* Pods-Demo.release.xcconfig */;
			buildSettings = {
				ASSETCATALOG_COMPILER_APPICON_NAME = AppIcon;
				CODE_SIGN_STYLE = Automatic;
				DEVELOPMENT_TEAM = R6P284TSWY;
				GCC_TREAT_WARNINGS_AS_ERRORS = YES;
				INFOPLIST_FILE = Demo/Info.plist;
				LD_RUNPATH_SEARCH_PATHS = (
					"$(inherited)",
					"@executable_path/Frameworks",
				);
				PRODUCT_BUNDLE_IDENTIFIER = com.tiger.shenzhen.Demo;
				PRODUCT_NAME = "$(TARGET_NAME)";
				SWIFT_VERSION = 5.0;
				TARGETED_DEVICE_FAMILY = "1,2";
			};
			name = Release;
		};
		264F5F7921B98ACB004EE536 /* Debug */ = {
			isa = XCBuildConfiguration;
			baseConfigurationReference = 14FEE6A10AC76C67D462B71C /* Pods-DemoTests.debug.xcconfig */;
			buildSettings = {
				ALWAYS_EMBED_SWIFT_STANDARD_LIBRARIES = YES;
				BUNDLE_LOADER = "$(TEST_HOST)";
				CODE_SIGN_STYLE = Automatic;
				DEVELOPMENT_TEAM = R6P284TSWY;
				GCC_TREAT_WARNINGS_AS_ERRORS = YES;
				INFOPLIST_FILE = DemoTests/Info.plist;
				LD_RUNPATH_SEARCH_PATHS = (
					"$(inherited)",
					"@executable_path/Frameworks",
					"@loader_path/Frameworks",
				);
				PRODUCT_BUNDLE_IDENTIFIER = com.tiger.shenzhen.DemoTests;
				PRODUCT_NAME = "$(TARGET_NAME)";
				SWIFT_VERSION = 5.0;
				TARGETED_DEVICE_FAMILY = "1,2";
				TEST_HOST = "$(BUILT_PRODUCTS_DIR)/Demo.app/Demo";
			};
			name = Debug;
		};
		264F5F7A21B98ACB004EE536 /* Release */ = {
			isa = XCBuildConfiguration;
			baseConfigurationReference = 6AAD0D8FD9A400E1BA8B3D2A /* Pods-DemoTests.release.xcconfig */;
			buildSettings = {
				ALWAYS_EMBED_SWIFT_STANDARD_LIBRARIES = YES;
				BUNDLE_LOADER = "$(TEST_HOST)";
				CODE_SIGN_STYLE = Automatic;
				DEVELOPMENT_TEAM = R6P284TSWY;
				GCC_TREAT_WARNINGS_AS_ERRORS = YES;
				INFOPLIST_FILE = DemoTests/Info.plist;
				LD_RUNPATH_SEARCH_PATHS = (
					"$(inherited)",
					"@executable_path/Frameworks",
					"@loader_path/Frameworks",
				);
				PRODUCT_BUNDLE_IDENTIFIER = com.tiger.shenzhen.DemoTests;
				PRODUCT_NAME = "$(TARGET_NAME)";
				SWIFT_VERSION = 5.0;
				TARGETED_DEVICE_FAMILY = "1,2";
				TEST_HOST = "$(BUILT_PRODUCTS_DIR)/Demo.app/Demo";
			};
			name = Release;
		};
		26C6E6AD21EAF75C00E34232 /* Debug */ = {
			isa = XCBuildConfiguration;
			baseConfigurationReference = 1DE8B1D0D325E4820DEA0A79 /* Pods-CoreGraphFunc.debug.xcconfig */;
			buildSettings = {
				ASSETCATALOG_COMPILER_APPICON_NAME = AppIcon;
				CODE_SIGN_STYLE = Automatic;
				INFOPLIST_FILE = CoreGraphFunc/Info.plist;
				LD_RUNPATH_SEARCH_PATHS = (
					"$(inherited)",
					"@executable_path/Frameworks",
				);
				PRODUCT_BUNDLE_IDENTIFIER = com.tiger.shenzhen.CoreGraphFunc;
				PRODUCT_NAME = "$(TARGET_NAME)";
				SWIFT_VERSION = 5.0;
				TARGETED_DEVICE_FAMILY = "1,2";
			};
			name = Debug;
		};
		26C6E6AE21EAF75C00E34232 /* Release */ = {
			isa = XCBuildConfiguration;
			baseConfigurationReference = 82D8DAFA1CE52E30C6B3F00C /* Pods-CoreGraphFunc.release.xcconfig */;
			buildSettings = {
				ASSETCATALOG_COMPILER_APPICON_NAME = AppIcon;
				CODE_SIGN_STYLE = Automatic;
				INFOPLIST_FILE = CoreGraphFunc/Info.plist;
				LD_RUNPATH_SEARCH_PATHS = (
					"$(inherited)",
					"@executable_path/Frameworks",
				);
				PRODUCT_BUNDLE_IDENTIFIER = com.tiger.shenzhen.CoreGraphFunc;
				PRODUCT_NAME = "$(TARGET_NAME)";
				SWIFT_VERSION = 5.0;
				TARGETED_DEVICE_FAMILY = "1,2";
			};
			name = Release;
		};
		26C6E6C221EB041B00E34232 /* Debug */ = {
			isa = XCBuildConfiguration;
			buildSettings = {
				CODE_SIGN_STYLE = Automatic;
				INFOPLIST_FILE = CoreGraphUITests/Info.plist;
				LD_RUNPATH_SEARCH_PATHS = (
					"$(inherited)",
					"@executable_path/Frameworks",
					"@loader_path/Frameworks",
				);
				PRODUCT_BUNDLE_IDENTIFIER = com.tiger.shenzhen.CoreGraphUITests;
				PRODUCT_NAME = "$(TARGET_NAME)";
				SWIFT_VERSION = 5.0;
				TARGETED_DEVICE_FAMILY = "1,2";
				TEST_TARGET_NAME = CoreGraphFunc;
			};
			name = Debug;
		};
		26C6E6C321EB041B00E34232 /* Release */ = {
			isa = XCBuildConfiguration;
			buildSettings = {
				CODE_SIGN_STYLE = Automatic;
				INFOPLIST_FILE = CoreGraphUITests/Info.plist;
				LD_RUNPATH_SEARCH_PATHS = (
					"$(inherited)",
					"@executable_path/Frameworks",
					"@loader_path/Frameworks",
				);
				PRODUCT_BUNDLE_IDENTIFIER = com.tiger.shenzhen.CoreGraphUITests;
				PRODUCT_NAME = "$(TARGET_NAME)";
				SWIFT_VERSION = 5.0;
				TARGETED_DEVICE_FAMILY = "1,2";
				TEST_TARGET_NAME = CoreGraphFunc;
			};
			name = Release;
		};
/* End XCBuildConfiguration section */

/* Begin XCConfigurationList section */
		260F48F921DE5208006E9CA8 /* Build configuration list for PBXNativeTarget "TestTextView" */ = {
			isa = XCConfigurationList;
			buildConfigurations = (
				260F48F321DE5208006E9CA8 /* Debug */,
				260F48F421DE5208006E9CA8 /* Release */,
			);
			defaultConfigurationIsVisible = 0;
			defaultConfigurationName = Release;
		};
		26201E4621EA1A02005E3B16 /* Build configuration list for PBXNativeTarget "FunctionProgram" */ = {
			isa = XCConfigurationList;
			buildConfigurations = (
				26201E4721EA1A02005E3B16 /* Debug */,
				26201E4821EA1A02005E3B16 /* Release */,
			);
			defaultConfigurationIsVisible = 0;
			defaultConfigurationName = Release;
		};
		263FE14321D916B600742320 /* Build configuration list for PBXNativeTarget "SwiftApiPlay" */ = {
			isa = XCConfigurationList;
			buildConfigurations = (
				263FE14121D916B600742320 /* Debug */,
				263FE14221D916B600742320 /* Release */,
			);
			defaultConfigurationIsVisible = 0;
			defaultConfigurationName = Release;
		};
		264F5F4821B98ACA004EE536 /* Build configuration list for PBXProject "Demo" */ = {
			isa = XCConfigurationList;
			buildConfigurations = (
				264F5F7321B98ACB004EE536 /* Debug */,
				264F5F7421B98ACB004EE536 /* Release */,
			);
			defaultConfigurationIsVisible = 0;
			defaultConfigurationName = Release;
		};
		264F5F7521B98ACB004EE536 /* Build configuration list for PBXNativeTarget "Demo" */ = {
			isa = XCConfigurationList;
			buildConfigurations = (
				264F5F7621B98ACB004EE536 /* Debug */,
				264F5F7721B98ACB004EE536 /* Release */,
			);
			defaultConfigurationIsVisible = 0;
			defaultConfigurationName = Release;
		};
		264F5F7821B98ACB004EE536 /* Build configuration list for PBXNativeTarget "DemoTests" */ = {
			isa = XCConfigurationList;
			buildConfigurations = (
				264F5F7921B98ACB004EE536 /* Debug */,
				264F5F7A21B98ACB004EE536 /* Release */,
			);
			defaultConfigurationIsVisible = 0;
			defaultConfigurationName = Release;
		};
		26C6E6AC21EAF75C00E34232 /* Build configuration list for PBXNativeTarget "CoreGraphFunc" */ = {
			isa = XCConfigurationList;
			buildConfigurations = (
				26C6E6AD21EAF75C00E34232 /* Debug */,
				26C6E6AE21EAF75C00E34232 /* Release */,
			);
			defaultConfigurationIsVisible = 0;
			defaultConfigurationName = Release;
		};
		26C6E6C421EB041B00E34232 /* Build configuration list for PBXNativeTarget "CoreGraphUITests" */ = {
			isa = XCConfigurationList;
			buildConfigurations = (
				26C6E6C221EB041B00E34232 /* Debug */,
				26C6E6C321EB041B00E34232 /* Release */,
			);
			defaultConfigurationIsVisible = 0;
			defaultConfigurationName = Release;
		};
/* End XCConfigurationList section */
	};
	rootObject = 264F5F4521B98ACA004EE536 /* Project object */;
}
