PODS:
  - HHHKit (0.0.1)
  - SwiftLint (0.29.2)

DEPENDENCIES:
  - HHHKit (from `../`)
  - SwiftLint (>= 0.29)

SPEC REPOS:
  https://github.com/cocoapods/specs.git:
    - SwiftLint

EXTERNAL SOURCES:
  HHHKit:
    :path: "../"

SPEC CHECKSUMS:
  HHHKit: be19ec9d6411f357c9a67ed436ab9ccbd2289b93
  SwiftLint: 47df60bdea6e7e902b193b6596db8683aafd86a3

PODFILE CHECKSUM: c7c079fd994d1c7b67f372f0614307a2bb22b09d

COCOAPODS: 1.6.0.beta.1
